// !$*UTF8*$!
{
	archiveVersion = 1;
	classes = {
	};
	objectVersion = 50;
	objects = {

/* Begin PBXBuildFile section */
		5672B9CB23F66FCB00D369DC /* AppDelegate.swift in Sources */ = {isa = PBXBuildFile; fileRef = 5672B9CA23F66FCB00D369DC /* AppDelegate.swift */; };
		5672B9CD23F66FCB00D369DC /* SceneDelegate.swift in Sources */ = {isa = PBXBuildFile; fileRef = 5672B9CC23F66FCB00D369DC /* SceneDelegate.swift */; };
		5672B9CF23F66FCB00D369DC /* ViewController.swift in Sources */ = {isa = PBXBuildFile; fileRef = 5672B9CE23F66FCB00D369DC /* ViewController.swift */; };
		5672B9D223F66FCB00D369DC /* Main.storyboard in Resources */ = {isa = PBXBuildFile; fileRef = 5672B9D023F66FCB00D369DC /* Main.storyboard */; };
		5672B9D423F66FCC00D369DC /* Assets.xcassets in Resources */ = {isa = PBXBuildFile; fileRef = 5672B9D323F66FCC00D369DC /* Assets.xcassets */; };
		5672B9D723F66FCC00D369DC /* LaunchScreen.storyboard in Resources */ = {isa = PBXBuildFile; fileRef = 5672B9D523F66FCC00D369DC /* LaunchScreen.storyboard */; };
/* End PBXBuildFile section */

/* Begin PBXFileReference section */
		5672B9C723F66FCB00D369DC /* Project6b.app */ = {isa = PBXFileReference; explicitFileType = wrapper.application; includeInIndex = 0; path = Project6b.app; sourceTree = BUILT_PRODUCTS_DIR; };
		5672B9CA23F66FCB00D369DC /* AppDelegate.swift */ = {isa = PBXFileReference; lastKnownFileType = sourcecode.swift; path = AppDelegate.swift; sourceTree = "<group>"; };
		5672B9CC23F66FCB00D369DC /* SceneDelegate.swift */ = {isa = PBXFileReference; lastKnownFileType = sourcecode.swift; path = SceneDelegate.swift; sourceTree = "<group>"; };
		5672B9CE23F66FCB00D369DC /* ViewController.swift */ = {isa = PBXFileReference; lastKnownFileType = sourcecode.swift; path = ViewController.swift; sourceTree = "<group>"; };
		5672B9D123F66FCB00D369DC /* Base */ = {isa = PBXFileReference; lastKnownFileType = file.storyboard; name = Base; path = Base.lproj/Main.storyboard; sourceTree = "<group>"; };
		5672B9D323F66FCC00D369DC /* Assets.xcassets */ = {isa = PBXFileReference; lastKnownFileType = folder.assetcatalog; path = Assets.xcassets; sourceTree = "<group>"; };
		5672B9D623F66FCC00D369DC /* Base */ = {isa = PBXFileReference; lastKnownFileType = file.storyboard; name = Base; path = Base.lproj/LaunchScreen.storyboard; sourceTree = "<group>"; };
		5672B9D823F66FCC00D369DC /* Info.plist */ = {isa = PBXFileReference; lastKnownFileType = text.plist.xml; path = Info.plist; sourceTree = "<group>"; };
/* End PBXFileReference section */

/* Begin PBXFrameworksBuildPhase section */
		5672B9C423F66FCB00D369DC /* Frameworks */ = {
			isa = PBXFrameworksBuildPhase;
			buildActionMask = 2147483647;
			files = (
			);
			runOnlyForDeploymentPostprocessing = 0;
		};
/* End PBXFrameworksBuildPhase section */

/* Begin PBXGroup section */
		5672B9BE23F66FCB00D369DC = {
			isa = PBXGroup;
			children = (
				5672B9C923F66FCB00D369DC /* Project6b */,
				5672B9C823F66FCB00D369DC /* Products */,
			);
			sourceTree = "<group>";
		};
		5672B9C823F66FCB00D369DC /* Products */ = {
			isa = PBXGroup;
			children = (
				5672B9C723F66FCB00D369DC /* Project6b.app */,
			);
			name = Products;
			sourceTree = "<group>";
		};
		5672B9C923F66FCB00D369DC /* Project6b */ = {
			isa = PBXGroup;
			children = (
				5672B9CA23F66FCB00D369DC /* AppDelegate.swift */,
				5672B9CC23F66FCB00D369DC /* SceneDelegate.swift */,
				5672B9CE23F66FCB00D369DC /* ViewController.swift */,
				5672B9D023F66FCB00D369DC /* Main.storyboard */,
				5672B9D323F66FCC00D369DC /* Assets.xcassets */,
				5672B9D523F66FCC00D369DC /* LaunchScreen.storyboard */,
				5672B9D823F66FCC00D369DC /* Info.plist */,
			);
			path = Project6b;
			sourceTree = "<group>";
		};
/* End PBXGroup section */

/* Begin PBXNativeTarget section */
		5672B9C623F66FCB00D369DC /* Project6b */ = {
			isa = PBXNativeTarget;
			buildConfigurationList = 5672B9DB23F66FCC00D369DC /* Build configuration list for PBXNativeTarget "Project6b" */;
			buildPhases = (
				5672B9C323F66FCB00D369DC /* Sources */,
				5672B9C423F66FCB00D369DC /* Frameworks */,
				5672B9C523F66FCB00D369DC /* Resources */,
			);
			buildRules = (
			);
			dependencies = (
			);
			name = Project6b;
			productName = Project6b;
			productReference = 5672B9C723F66FCB00D369DC /* Project6b.app */;
			productType = "com.apple.product-type.application";
		};
/* End PBXNativeTarget section */

/* Begin PBXProject section */
		5672B9BF23F66FCB00D369DC /* Project object */ = {
			isa = PBXProject;
			attributes = {
				LastSwiftUpdateCheck = 1130;
				LastUpgradeCheck = 1130;
				ORGANIZATIONNAME = "稲葉夏輝";
				TargetAttributes = {
					5672B9C623F66FCB00D369DC = {
						CreatedOnToolsVersion = 11.3.1;
					};
				};
			};
			buildConfigurationList = 5672B9C223F66FCB00D369DC /* Build configuration list for PBXProject "Project6b" */;
			compatibilityVersion = "Xcode 9.3";
			developmentRegion = en;
			hasScannedForEncodings = 0;
			knownRegions = (
				en,
				Base,
			);
			mainGroup = 5672B9BE23F66FCB00D369DC;
			productRefGroup = 5672B9C823F66FCB00D369DC /* Products */;
			projectDirPath = "";
			projectRoot = "";
			targets = (
				5672B9C623F66FCB00D369DC /* Project6b */,
			);
		};
/* End PBXProject section */

/* Begin PBXResourcesBuildPhase section */
		5672B9C523F66FCB00D369DC /* Resources */ = {
			isa = PBXResourcesBuildPhase;
			buildActionMask = 2147483647;
			files = (
				5672B9D723F66FCC00D369DC /* LaunchScreen.storyboard in Resources */,
				5672B9D423F66FCC00D369DC /* Assets.xcassets in Resources */,
				5672B9D223F66FCB00D369DC /* Main.storyboard in Resources */,
			);
			runOnlyForDeploymentPostprocessing = 0;
		};
/* End PBXResourcesBuildPhase section */

/* Begin PBXSourcesBuildPhase section */
		5672B9C323F66FCB00D369DC /* Sources */ = {
			isa = PBXSourcesBuildPhase;
			buildActionMask = 2147483647;
			files = (
				5672B9CF23F66FCB00D369DC /* ViewController.swift in Sources */,
				5672B9CB23F66FCB00D369DC /* AppDelegate.swift in Sources */,
				5672B9CD23F66FCB00D369DC /* SceneDelegate.swift in Sources */,
			);
			runOnlyForDeploymentPostprocessing = 0;
		};
/* End PBXSourcesBuildPhase section */

/* Begin PBXVariantGroup section */
		5672B9D023F66FCB00D369DC /* Main.storyboard */ = {
			isa = PBXVariantGroup;
			children = (
				5672B9D123F66FCB00D369DC /* Base */,
			);
			name = Main.storyboard;
			sourceTree = "<group>";
		};
		5672B9D523F66FCC00D369DC /* LaunchScreen.storyboard */ = {
			isa = PBXVariantGroup;
			children = (
				5672B9D623F66FCC00D369DC /* Base */,
			);
			name = LaunchScreen.storyboard;
			sourceTree = "<group>";
		};
/* End PBXVariantGroup section */

/* Begin XCBuildConfiguration section */
		5672B9D923F66FCC00D369DC /* Debug */ = {
			isa = XCBuildConfiguration;
			buildSettings = {
				ALWAYS_SEARCH_USER_PATHS = NO;
				CLANG_ANALYZER_NONNULL = YES;
				CLANG_ANALYZER_NUMBER_OBJECT_CONVERSION = YES_AGGRESSIVE;
				CLANG_CXX_LANGUAGE_STANDARD = "gnu++14";
				CLANG_CXX_LIBRARY = "libc++";
				CLANG_ENABLE_MODULES = YES;
				CLANG_ENABLE_OBJC_ARC = YES;
				CLANG_ENABLE_OBJC_WEAK = YES;
				CLANG_WARN_BLOCK_CAPTURE_AUTORELEASING = YES;
				CLANG_WARN_BOOL_CONVERSION = YES;
				CLANG_WARN_COMMA = YES;
				CLANG_WARN_CONSTANT_CONVERSION = YES;
				CLANG_WARN_DEPRECATED_OBJC_IMPLEMENTATIONS = YES;
				CLANG_WARN_DIRECT_OBJC_ISA_USAGE = YES_ERROR;
				CLANG_WARN_DOCUMENTATION_COMMENTS = YES;
				CLANG_WARN_EMPTY_BODY = YES;
				CLANG_WARN_ENUM_CONVERSION = YES;
				CLANG_WARN_INFINITE_RECURSION = YES;
				CLANG_WARN_INT_CONVERSION = YES;
				CLANG_WARN_NON_LITERAL_NULL_CONVERSION = YES;
				CLANG_WARN_OBJC_IMPLICIT_RETAIN_SELF = YES;
				CLANG_WARN_OBJC_LITERAL_CONVERSION = YES;
				CLANG_WARN_OBJC_ROOT_CLASS = YES_ERROR;
				CLANG_WARN_RANGE_LOOP_ANALYSIS = YES;
				CLANG_WARN_STRICT_PROTOTYPES = YES;
				CLANG_WARN_SUSPICIOUS_MOVE = YES;
				CLANG_WARN_UNGUARDED_AVAILABILITY = YES_AGGRESSIVE;
				CLANG_WARN_UNREACHABLE_CODE = YES;
				CLANG_WARN__DUPLICATE_METHOD_MATCH = YES;
				COPY_PHASE_STRIP = NO;
				DEBUG_INFORMATION_FORMAT = dwarf;
				ENABLE_STRICT_OBJC_MSGSEND = YES;
				ENABLE_TESTABILITY = YES;
				GCC_C_LANGUAGE_STANDARD = gnu11;
				GCC_DYNAMIC_NO_PIC = NO;
				GCC_NO_COMMON_BLOCKS = YES;
				GCC_OPTIMIZATION_LEVEL = 0;
				GCC_PREPROCESSOR_DEFINITIONS = (
					"DEBUG=1",
					"$(inherited)",
				);
				GCC_WARN_64_TO_32_BIT_CONVERSION = YES;
				GCC_WARN_ABOUT_RETURN_TYPE = YES_ERROR;
				GCC_WARN_UNDECLARED_SELECTOR = YES;
				GCC_WARN_UNINITIALIZED_AUTOS = YES_AGGRESSIVE;
				GCC_WARN_UNUSED_FUNCTION = YES;
				GCC_WARN_UNUSED_VARIABLE = YES;
				IPHONEOS_DEPLOYMENT_TARGET = 13.2;
				MTL_ENABLE_DEBUG_INFO = INCLUDE_SOURCE;
				MTL_FAST_MATH = YES;
				ONLY_ACTIVE_ARCH = YES;
				SDKROOT = iphoneos;
				SWIFT_ACTIVE_COMPILATION_CONDITIONS = DEBUG;
				SWIFT_OPTIMIZATION_LEVEL = "-Onone";
			};
			name = Debug;
		};
		5672B9DA23F66FCC00D369DC /* Release */ = {
			isa = XCBuildConfiguration;
			buildSettings = {
				ALWAYS_SEARCH_USER_PATHS = NO;
				CLANG_ANALYZER_NONNULL = YES;
				CLANG_ANALYZER_NUMBER_OBJECT_CONVERSION = YES_AGGRESSIVE;
				CLANG_CXX_LANGUAGE_STANDARD = "gnu++14";
				CLANG_CXX_LIBRARY = "libc++";
				CLANG_ENABLE_MODULES = YES;
				CLANG_ENABLE_OBJC_ARC = YES;
				CLANG_ENABLE_OBJC_WEAK = YES;
				CLANG_WARN_BLOCK_CAPTURE_AUTORELEASING = YES;
				CLANG_WARN_BOOL_CONVERSION = YES;
				CLANG_WARN_COMMA = YES;
				CLANG_WARN_CONSTANT_CONVERSION = YES;
				CLANG_WARN_DEPRECATED_OBJC_IMPLEMENTATIONS = YES;
				CLANG_WARN_DIRECT_OBJC_ISA_USAGE = YES_ERROR;
				CLANG_WARN_DOCUMENTATION_COMMENTS = YES;
				CLANG_WARN_EMPTY_BODY = YES;
				CLANG_WARN_ENUM_CONVERSION = YES;
				CLANG_WARN_INFINITE_RECURSION = YES;
				CLANG_WARN_INT_CONVERSION = YES;
				CLANG_WARN_NON_LITERAL_NULL_CONVERSION = YES;
				CLANG_WARN_OBJC_IMPLICIT_RETAIN_SELF = YES;
				CLANG_WARN_OBJC_LITERAL_CONVERSION = YES;
				CLANG_WARN_OBJC_ROOT_CLASS = YES_ERROR;
				CLANG_WARN_RANGE_LOOP_ANALYSIS = YES;
				CLANG_WARN_STRICT_PROTOTYPES = YES;
				CLANG_WARN_SUSPICIOUS_MOVE = YES;
				CLANG_WARN_UNGUARDED_AVAILABILITY = YES_AGGRESSIVE;
				CLANG_WARN_UNREACHABLE_CODE = YES;
				CLANG_WARN__DUPLICATE_METHOD_MATCH = YES;
				COPY_PHASE_STRIP = NO;
				DEBUG_INFORMATION_FORMAT = "dwarf-with-dsym";
				ENABLE_NS_ASSERTIONS = NO;
				ENABLE_STRICT_OBJC_MSGSEND = YES;
				GCC_C_LANGUAGE_STANDARD = gnu11;
				GCC_NO_COMMON_BLOCKS = YES;
				GCC_WARN_64_TO_32_BIT_CONVERSION = YES;
				GCC_WARN_ABOUT_RETURN_TYPE = YES_ERROR;
				GCC_WARN_UNDECLARED_SELECTOR = YES;
				GCC_WARN_UNINITIALIZED_AUTOS = YES_AGGRESSIVE;
				GCC_WARN_UNUSED_FUNCTION = YES;
				GCC_WARN_UNUSED_VARIABLE = YES;
				IPHONEOS_DEPLOYMENT_TARGET = 13.2;
				MTL_ENABLE_DEBUG_INFO = NO;
				MTL_FAST_MATH = YES;
				SDKROOT = iphoneos;
				SWIFT_COMPILATION_MODE = wholemodule;
				SWIFT_OPTIMIZATION_LEVEL = "-O";
				VALIDATE_PRODUCT = YES;
			};
			name = Release;
		};
		5672B9DC23F66FCC00D369DC /* Debug */ = {
			isa = XCBuildConfiguration;
			buildSettings = {
				ASSETCATALOG_COMPILER_APPICON_NAME = AppIcon;
				CODE_SIGN_STYLE = Automatic;
				INFOPLIST_FILE = Project6b/Info.plist;
				LD_RUNPATH_SEARCH_PATHS = (
					"$(inherited)",
					"@executable_path/Frameworks",
				);
				PRODUCT_BUNDLE_IDENTIFIER = nacky.page.Project6b;
				PRODUCT_NAME = "$(TARGET_NAME)";
				SWIFT_VERSION = 5.0;
				TARGETED_DEVICE_FAMILY = "1,2";
			};
			name = Debug;
		};
		5672B9DD23F66FCC00D369DC /* Release */ = {
			isa = XCBuildConfiguration;
			buildSettings = {
				ASSETCATALOG_COMPILER_APPICON_NAME = AppIcon;
				CODE_SIGN_STYLE = Automatic;
				INFOPLIST_FILE = Project6b/Info.plist;
				LD_RUNPATH_SEARCH_PATHS = (
					"$(inherited)",
					"@executable_path/Frameworks",
				);
				PRODUCT_BUNDLE_IDENTIFIER = nacky.page.Project6b;
				PRODUCT_NAME = "$(TARGET_NAME)";
				SWIFT_VERSION = 5.0;
				TARGETED_DEVICE_FAMILY = "1,2";
			};
			name = Release;
		};
/* End XCBuildConfiguration section */

/* Begin XCConfigurationList section */
		5672B9C223F66FCB00D369DC /* Build configuration list for PBXProject "Project6b" */ = {
			isa = XCConfigurationList;
			buildConfigurations = (
				5672B9D923F66FCC00D369DC /* Debug */,
				5672B9DA23F66FCC00D369DC /* Release */,
			);
			defaultConfigurationIsVisible = 0;
			defaultConfigurationName = Release;
		};
		5672B9DB23F66FCC00D369DC /* Build configuration list for PBXNativeTarget "Project6b" */ = {
			isa = XCConfigurationList;
			buildConfigurations = (
				5672B9DC23F66FCC00D369DC /* Debug */,
				5672B9DD23F66FCC00D369DC /* Release */,
			);
			defaultConfigurationIsVisible = 0;
			defaultConfigurationName = Release;
		};
/* End XCConfigurationList section */
	};
	rootObject = 5672B9BF23F66FCB00D369DC /* Project object */;
}
